id: test3_get_time
label: get time
category: '[Test3]'

templates:
  imports: import test3
  make: test3.get_time(${arguments}, ${period})

parameters:
- id: arguments
  label: Arguments
  dtype: string
- id: period
  label: Period
  dtype: int
  default: 1

outputs:
- label: out
  domain: stream
  dtype: byte
  multiplicity: 1

file_format: 1
